
Microsoft Visual Studio Solution File, Format Version 12.00
# Visual Studio Version 16
VisualStudioVersion = 16.0.31727.386
MinimumVisualStudioVersion = 10.0.40219.1
Project("{9A19103F-16F7-4668-BE54-9A1E7A4F7556}") = "hands-on-console", "hands-on-console\hands-on-console.csproj", "{0953C3CE-201F-4EBC-BFD2-2FDFCE2602BE}"
EndProject
Global
	GlobalSection(SolutionConfigurationPlatforms) = preSolution
		Debug|Any CPU = Debug|Any CPU
		Release|Any CPU = Release|Any CPU
	EndGlobalSection
	GlobalSection(ProjectConfigurationPlatforms) = postSolution
		{0953C3CE-201F-4EBC-BFD2-2FDFCE2602BE}.Debug|Any CPU.ActiveCfg = Debug|Any CPU
		{0953C3CE-201F-4EBC-BFD2-2FDFCE2602BE}.Debug|Any CPU.Build.0 = Debug|Any CPU
		{0953C3CE-201F-4EBC-BFD2-2FDFCE2602BE}.Release|Any CPU.ActiveCfg = Release|Any CPU
		{0953C3CE-201F-4EBC-BFD2-2FDFCE2602BE}.Release|Any CPU.Build.0 = Release|Any CPU
	EndGlobalSection
	GlobalSection(SolutionProperties) = preSolution
		HideSolutionNode = FALSE
	EndGlobalSection
	GlobalSection(ExtensibilityGlobals) = postSolution
		SolutionGuid = {71B8A2F4-C9C4-411F-9DAE-0E5BB3BA79F1}
	EndGlobalSection
EndGlobal
